{
  "name": "breach-fluent",
  "version": "1.0.0",
  "lockfileVersion": 1,
  "requires": true,
  "dependencies": {
    "fluent-syntax": {
      "version": "0.10.0",
      "resolved": "https://registry.npmjs.org/fluent-syntax/-/fluent-syntax-0.10.0.tgz",
      "integrity": "sha512-6qRhwQXDTgJjS9DW3IiXZWzUMUPqNPzqh+bZZyUOr6t8xYwkIe+5JONYZuvfvbOUk65paAno0kd8s8kUD2ptNA=="
    }
  }
}
